
Microsoft Visual Studio Solution File, Format Version 12.00
# Visual Studio Version 16
VisualStudioVersion = 16.0.29911.84
MinimumVisualStudioVersion = 10.0.40219.1
Project("{FAE04EC0-301F-11D3-BF4B-00C04F79EFBC}") = "ShorterLink", "ShorterLink\ShorterLink.csproj", "{D17730E9-35D6-468A-A5C2-76A7014ACC11}"
EndProject
Global
	GlobalSection(SolutionConfigurationPlatforms) = preSolution
		Debug|Any CPU = Debug|Any CPU
		Release|Any CPU = Release|Any CPU
	EndGlobalSection
	GlobalSection(ProjectConfigurationPlatforms) = postSolution
		{D17730E9-35D6-468A-A5C2-76A7014ACC11}.Debug|Any CPU.ActiveCfg = Debug|Any CPU
		{D17730E9-35D6-468A-A5C2-76A7014ACC11}.Debug|Any CPU.Build.0 = Debug|Any CPU
		{D17730E9-35D6-468A-A5C2-76A7014ACC11}.Release|Any CPU.ActiveCfg = Release|Any CPU
		{D17730E9-35D6-468A-A5C2-76A7014ACC11}.Release|Any CPU.Build.0 = Release|Any CPU
	EndGlobalSection
	GlobalSection(SolutionProperties) = preSolution
		HideSolutionNode = FALSE
	EndGlobalSection
	GlobalSection(ExtensibilityGlobals) = postSolution
		SolutionGuid = {C8CFB8A3-9C64-4BBE-A29A-B9195D791142}
	EndGlobalSection
EndGlobal
